// !$*UTF8*$!
{
	archiveVersion = 1;
	classes = {
	};
	objectVersion = 51;
	objects = {

/* Begin PBXBuildFile section */
		0D2FE59DAB9951C2129DB6CB /* Pods_GoogleSSO.framework in Frameworks */ = {isa = PBXBuildFile; fileRef = 751B72DFA3F7318CA87A0D48 /* Pods_GoogleSSO.framework */; };
		563344BE23D57BD1001F1E45 /* AppDelegate.swift in Sources */ = {isa = PBXBuildFile; fileRef = 563344BD23D57BD1001F1E45 /* AppDelegate.swift */; };
		563344C023D57BD1001F1E45 /* SceneDelegate.swift in Sources */ = {isa = PBXBuildFile; fileRef = 563344BF23D57BD1001F1E45 /* SceneDelegate.swift */; };
		563344C223D57BD1001F1E45 /* ViewController.swift in Sources */ = {isa = PBXBuildFile; fileRef = 563344C123D57BD1001F1E45 /* ViewController.swift */; };
		563344C523D57BD1001F1E45 /* Main.storyboard in Resources */ = {isa = PBXBuildFile; fileRef = 563344C323D57BD1001F1E45 /* Main.storyboard */; };
		563344C823D57BD1001F1E45 /* GoogleSSO.xcdatamodeld in Sources */ = {isa = PBXBuildFile; fileRef = 563344C623D57BD1001F1E45 /* GoogleSSO.xcdatamodeld */; };
		563344CA23D57BD3001F1E45 /* Assets.xcassets in Resources */ = {isa = PBXBuildFile; fileRef = 563344C923D57BD3001F1E45 /* Assets.xcassets */; };
		563344CD23D57BD3001F1E45 /* LaunchScreen.storyboard in Resources */ = {isa = PBXBuildFile; fileRef = 563344CB23D57BD3001F1E45 /* LaunchScreen.storyboard */; };
		563344D923D589A8001F1E45 /* credentials.plist in Resources */ = {isa = PBXBuildFile; fileRef = 563344D823D589A8001F1E45 /* credentials.plist */; };
/* End PBXBuildFile section */

/* Begin PBXFileReference section */
		563344BA23D57BD1001F1E45 /* GoogleSSO.app */ = {isa = PBXFileReference; explicitFileType = wrapper.application; includeInIndex = 0; path = GoogleSSO.app; sourceTree = BUILT_PRODUCTS_DIR; };
		563344BD23D57BD1001F1E45 /* AppDelegate.swift */ = {isa = PBXFileReference; lastKnownFileType = sourcecode.swift; path = AppDelegate.swift; sourceTree = "<group>"; };
		563344BF23D57BD1001F1E45 /* SceneDelegate.swift */ = {isa = PBXFileReference; lastKnownFileType = sourcecode.swift; path = SceneDelegate.swift; sourceTree = "<group>"; };
		563344C123D57BD1001F1E45 /* ViewController.swift */ = {isa = PBXFileReference; lastKnownFileType = sourcecode.swift; path = ViewController.swift; sourceTree = "<group>"; };
		563344C423D57BD1001F1E45 /* Base */ = {isa = PBXFileReference; lastKnownFileType = file.storyboard; name = Base; path = Base.lproj/Main.storyboard; sourceTree = "<group>"; };
		563344C723D57BD1001F1E45 /* GoogleSSO.xcdatamodel */ = {isa = PBXFileReference; lastKnownFileType = wrapper.xcdatamodel; path = GoogleSSO.xcdatamodel; sourceTree = "<group>"; };
		563344C923D57BD3001F1E45 /* Assets.xcassets */ = {isa = PBXFileReference; lastKnownFileType = folder.assetcatalog; path = Assets.xcassets; sourceTree = "<group>"; };
		563344CC23D57BD3001F1E45 /* Base */ = {isa = PBXFileReference; lastKnownFileType = file.storyboard; name = Base; path = Base.lproj/LaunchScreen.storyboard; sourceTree = "<group>"; };
		563344CE23D57BD3001F1E45 /* Info.plist */ = {isa = PBXFileReference; lastKnownFileType = text.plist.xml; path = Info.plist; sourceTree = "<group>"; };
		563344D823D589A8001F1E45 /* credentials.plist */ = {isa = PBXFileReference; fileEncoding = 4; lastKnownFileType = text.plist.xml; path = credentials.plist; sourceTree = "<group>"; };
		575E425556AC44EAC914BF48 /* Pods-GoogleSSO.release.xcconfig */ = {isa = PBXFileReference; includeInIndex = 1; lastKnownFileType = text.xcconfig; name = "Pods-GoogleSSO.release.xcconfig"; path = "Target Support Files/Pods-GoogleSSO/Pods-GoogleSSO.release.xcconfig"; sourceTree = "<group>"; };
		751B72DFA3F7318CA87A0D48 /* Pods_GoogleSSO.framework */ = {isa = PBXFileReference; explicitFileType = wrapper.framework; includeInIndex = 0; path = Pods_GoogleSSO.framework; sourceTree = BUILT_PRODUCTS_DIR; };
		DA4D8FAE9F1BBABEBB23AD81 /* Pods-GoogleSSO.debug.xcconfig */ = {isa = PBXFileReference; includeInIndex = 1; lastKnownFileType = text.xcconfig; name = "Pods-GoogleSSO.debug.xcconfig"; path = "Target Support Files/Pods-GoogleSSO/Pods-GoogleSSO.debug.xcconfig"; sourceTree = "<group>"; };
/* End PBXFileReference section */

/* Begin PBXFrameworksBuildPhase section */
		563344B723D57BD1001F1E45 /* Frameworks */ = {
			isa = PBXFrameworksBuildPhase;
			buildActionMask = 2147483647;
			files = (
				0D2FE59DAB9951C2129DB6CB /* Pods_GoogleSSO.framework in Frameworks */,
			);
			runOnlyForDeploymentPostprocessing = 0;
		};
/* End PBXFrameworksBuildPhase section */

/* Begin PBXGroup section */
		50193F6D5BE1FB8030EDC50B /* Pods */ = {
			isa = PBXGroup;
			children = (
				DA4D8FAE9F1BBABEBB23AD81 /* Pods-GoogleSSO.debug.xcconfig */,
				575E425556AC44EAC914BF48 /* Pods-GoogleSSO.release.xcconfig */,
			);
			path = Pods;
			sourceTree = "<group>";
		};
		563344B123D57BD1001F1E45 = {
			isa = PBXGroup;
			children = (
				563344BC23D57BD1001F1E45 /* GoogleSSO */,
				563344BB23D57BD1001F1E45 /* Products */,
				50193F6D5BE1FB8030EDC50B /* Pods */,
				663D1E6FDCD67C4E5B3C546E /* Frameworks */,
			);
			sourceTree = "<group>";
		};
		563344BB23D57BD1001F1E45 /* Products */ = {
			isa = PBXGroup;
			children = (
				563344BA23D57BD1001F1E45 /* GoogleSSO.app */,
			);
			name = Products;
			sourceTree = "<group>";
		};
		563344BC23D57BD1001F1E45 /* GoogleSSO */ = {
			isa = PBXGroup;
			children = (
				563344D823D589A8001F1E45 /* credentials.plist */,
				563344BD23D57BD1001F1E45 /* AppDelegate.swift */,
				563344BF23D57BD1001F1E45 /* SceneDelegate.swift */,
				563344C123D57BD1001F1E45 /* ViewController.swift */,
				563344C323D57BD1001F1E45 /* Main.storyboard */,
				563344C923D57BD3001F1E45 /* Assets.xcassets */,
				563344CB23D57BD3001F1E45 /* LaunchScreen.storyboard */,
				563344CE23D57BD3001F1E45 /* Info.plist */,
				563344C623D57BD1001F1E45 /* GoogleSSO.xcdatamodeld */,
			);
			path = GoogleSSO;
			sourceTree = "<group>";
		};
		663D1E6FDCD67C4E5B3C546E /* Frameworks */ = {
			isa = PBXGroup;
			children = (
				751B72DFA3F7318CA87A0D48 /* Pods_GoogleSSO.framework */,
			);
			name = Frameworks;
			sourceTree = "<group>";
		};
/* End PBXGroup section */

/* Begin PBXNativeTarget section */
		563344B923D57BD1001F1E45 /* GoogleSSO */ = {
			isa = PBXNativeTarget;
			buildConfigurationList = 563344D123D57BD3001F1E45 /* Build configuration list for PBXNativeTarget "GoogleSSO" */;
			buildPhases = (
				0ECE34EE45B158CDCE3CAB93 /* [CP] Check Pods Manifest.lock */,
				563344B623D57BD1001F1E45 /* Sources */,
				563344B723D57BD1001F1E45 /* Frameworks */,
				563344B823D57BD1001F1E45 /* Resources */,
				EFEA8A0E69FE82A857B32792 /* [CP] Embed Pods Frameworks */,
				16DCED6D46A1DE19BEFFB6A8 /* [CP] Copy Pods Resources */,
			);
			buildRules = (
			);
			dependencies = (
			);
			name = GoogleSSO;
			productName = GoogleSSO;
			productReference = 563344BA23D57BD1001F1E45 /* GoogleSSO.app */;
			productType = "com.apple.product-type.application";
		};
/* End PBXNativeTarget section */

/* Begin PBXProject section */
		563344B223D57BD1001F1E45 /* Project object */ = {
			isa = PBXProject;
			attributes = {
				LastSwiftUpdateCheck = 1130;
				LastUpgradeCheck = 1130;
				ORGANIZATIONNAME = Charles;
				TargetAttributes = {
					563344B923D57BD1001F1E45 = {
						CreatedOnToolsVersion = 11.3.1;
					};
				};
			};
			buildConfigurationList = 563344B523D57BD1001F1E45 /* Build configuration list for PBXProject "GoogleSSO" */;
			compatibilityVersion = "Xcode 9.3";
			developmentRegion = en;
			hasScannedForEncodings = 0;
			knownRegions = (
				en,
				Base,
			);
			mainGroup = 563344B123D57BD1001F1E45;
			productRefGroup = 563344BB23D57BD1001F1E45 /* Products */;
			projectDirPath = "";
			projectRoot = "";
			targets = (
				563344B923D57BD1001F1E45 /* GoogleSSO */,
			);
		};
/* End PBXProject section */

/* Begin PBXResourcesBuildPhase section */
		563344B823D57BD1001F1E45 /* Resources */ = {
			isa = PBXResourcesBuildPhase;
			buildActionMask = 2147483647;
			files = (
				563344CD23D57BD3001F1E45 /* LaunchScreen.storyboard in Resources */,
				563344D923D589A8001F1E45 /* credentials.plist in Resources */,
				563344CA23D57BD3001F1E45 /* Assets.xcassets in Resources */,
				563344C523D57BD1001F1E45 /* Main.storyboard in Resources */,
			);
			runOnlyForDeploymentPostprocessing = 0;
		};
/* End PBXResourcesBuildPhase section */

/* Begin PBXShellScriptBuildPhase section */
		0ECE34EE45B158CDCE3CAB93 /* [CP] Check Pods Manifest.lock */ = {
			isa = PBXShellScriptBuildPhase;
			buildActionMask = 2147483647;
			files = (
			);
			inputFileListPaths = (
			);
			inputPaths = (
				"${PODS_PODFILE_DIR_PATH}/Podfile.lock",
				"${PODS_ROOT}/Manifest.lock",
			);
			name = "[CP] Check Pods Manifest.lock";
			outputFileListPaths = (
			);
			outputPaths = (
				"$(DERIVED_FILE_DIR)/Pods-GoogleSSO-checkManifestLockResult.txt",
			);
			runOnlyForDeploymentPostprocessing = 0;
			shellPath = /bin/sh;
			shellScript = "diff \"${PODS_PODFILE_DIR_PATH}/Podfile.lock\" \"${PODS_ROOT}/Manifest.lock\" > /dev/null\nif [ $? != 0 ] ; then\n    # print error to STDERR\n    echo \"error: The sandbox is not in sync with the Podfile.lock. Run 'pod install' or update your CocoaPods installation.\" >&2\n    exit 1\nfi\n# This output is used by Xcode 'outputs' to avoid re-running this script phase.\necho \"SUCCESS\" > \"${SCRIPT_OUTPUT_FILE_0}\"\n";
			showEnvVarsInLog = 0;
		};
		16DCED6D46A1DE19BEFFB6A8 /* [CP] Copy Pods Resources */ = {
			isa = PBXShellScriptBuildPhase;
			buildActionMask = 2147483647;
			files = (
			);
			inputFileListPaths = (
				"${PODS_ROOT}/Target Support Files/Pods-GoogleSSO/Pods-GoogleSSO-resources-${CONFIGURATION}-input-files.xcfilelist",
			);
			name = "[CP] Copy Pods Resources";
			outputFileListPaths = (
				"${PODS_ROOT}/Target Support Files/Pods-GoogleSSO/Pods-GoogleSSO-resources-${CONFIGURATION}-output-files.xcfilelist",
			);
			runOnlyForDeploymentPostprocessing = 0;
			shellPath = /bin/sh;
			shellScript = "\"${PODS_ROOT}/Target Support Files/Pods-GoogleSSO/Pods-GoogleSSO-resources.sh\"\n";
			showEnvVarsInLog = 0;
		};
		EFEA8A0E69FE82A857B32792 /* [CP] Embed Pods Frameworks */ = {
			isa = PBXShellScriptBuildPhase;
			buildActionMask = 2147483647;
			files = (
			);
			inputFileListPaths = (
				"${PODS_ROOT}/Target Support Files/Pods-GoogleSSO/Pods-GoogleSSO-frameworks-${CONFIGURATION}-input-files.xcfilelist",
			);
			name = "[CP] Embed Pods Frameworks";
			outputFileListPaths = (
				"${PODS_ROOT}/Target Support Files/Pods-GoogleSSO/Pods-GoogleSSO-frameworks-${CONFIGURATION}-output-files.xcfilelist",
			);
			runOnlyForDeploymentPostprocessing = 0;
			shellPath = /bin/sh;
			shellScript = "\"${PODS_ROOT}/Target Support Files/Pods-GoogleSSO/Pods-GoogleSSO-frameworks.sh\"\n";
			showEnvVarsInLog = 0;
		};
/* End PBXShellScriptBuildPhase section */

/* Begin PBXSourcesBuildPhase section */
		563344B623D57BD1001F1E45 /* Sources */ = {
			isa = PBXSourcesBuildPhase;
			buildActionMask = 2147483647;
			files = (
				563344C823D57BD1001F1E45 /* GoogleSSO.xcdatamodeld in Sources */,
				563344C223D57BD1001F1E45 /* ViewController.swift in Sources */,
				563344BE23D57BD1001F1E45 /* AppDelegate.swift in Sources */,
				563344C023D57BD1001F1E45 /* SceneDelegate.swift in Sources */,
			);
			runOnlyForDeploymentPostprocessing = 0;
		};
/* End PBXSourcesBuildPhase section */

/* Begin PBXVariantGroup section */
		563344C323D57BD1001F1E45 /* Main.storyboard */ = {
			isa = PBXVariantGroup;
			children = (
				563344C423D57BD1001F1E45 /* Base */,
			);
			name = Main.storyboard;
			sourceTree = "<group>";
		};
		563344CB23D57BD3001F1E45 /* LaunchScreen.storyboard */ = {
			isa = PBXVariantGroup;
			children = (
				563344CC23D57BD3001F1E45 /* Base */,
			);
			name = LaunchScreen.storyboard;
			sourceTree = "<group>";
		};
/* End PBXVariantGroup section */

/* Begin XCBuildConfiguration section */
		563344CF23D57BD3001F1E45 /* Debug */ = {
			isa = XCBuildConfiguration;
			buildSettings = {
				ALWAYS_SEARCH_USER_PATHS = NO;
				CLANG_ANALYZER_NONNULL = YES;
				CLANG_ANALYZER_NUMBER_OBJECT_CONVERSION = YES_AGGRESSIVE;
				CLANG_CXX_LANGUAGE_STANDARD = "gnu++14";
				CLANG_CXX_LIBRARY = "libc++";
				CLANG_ENABLE_MODULES = YES;
				CLANG_ENABLE_OBJC_ARC = YES;
				CLANG_ENABLE_OBJC_WEAK = YES;
				CLANG_WARN_BLOCK_CAPTURE_AUTORELEASING = YES;
				CLANG_WARN_BOOL_CONVERSION = YES;
				CLANG_WARN_COMMA = YES;
				CLANG_WARN_CONSTANT_CONVERSION = YES;
				CLANG_WARN_DEPRECATED_OBJC_IMPLEMENTATIONS = YES;
				CLANG_WARN_DIRECT_OBJC_ISA_USAGE = YES_ERROR;
				CLANG_WARN_DOCUMENTATION_COMMENTS = YES;
				CLANG_WARN_EMPTY_BODY = YES;
				CLANG_WARN_ENUM_CONVERSION = YES;
				CLANG_WARN_INFINITE_RECURSION = YES;
				CLANG_WARN_INT_CONVERSION = YES;
				CLANG_WARN_NON_LITERAL_NULL_CONVERSION = YES;
				CLANG_WARN_OBJC_IMPLICIT_RETAIN_SELF = YES;
				CLANG_WARN_OBJC_LITERAL_CONVERSION = YES;
				CLANG_WARN_OBJC_ROOT_CLASS = YES_ERROR;
				CLANG_WARN_RANGE_LOOP_ANALYSIS = YES;
				CLANG_WARN_STRICT_PROTOTYPES = YES;
				CLANG_WARN_SUSPICIOUS_MOVE = YES;
				CLANG_WARN_UNGUARDED_AVAILABILITY = YES_AGGRESSIVE;
				CLANG_WARN_UNREACHABLE_CODE = YES;
				CLANG_WARN__DUPLICATE_METHOD_MATCH = YES;
				COPY_PHASE_STRIP = NO;
				DEBUG_INFORMATION_FORMAT = dwarf;
				ENABLE_STRICT_OBJC_MSGSEND = YES;
				ENABLE_TESTABILITY = YES;
				GCC_C_LANGUAGE_STANDARD = gnu11;
				GCC_DYNAMIC_NO_PIC = NO;
				GCC_NO_COMMON_BLOCKS = YES;
				GCC_OPTIMIZATION_LEVEL = 0;
				GCC_PREPROCESSOR_DEFINITIONS = (
					"DEBUG=1",
					"$(inherited)",
				);
				GCC_WARN_64_TO_32_BIT_CONVERSION = YES;
				GCC_WARN_ABOUT_RETURN_TYPE = YES_ERROR;
				GCC_WARN_UNDECLARED_SELECTOR = YES;
				GCC_WARN_UNINITIALIZED_AUTOS = YES_AGGRESSIVE;
				GCC_WARN_UNUSED_FUNCTION = YES;
				GCC_WARN_UNUSED_VARIABLE = YES;
				IPHONEOS_DEPLOYMENT_TARGET = 13.2;
				MTL_ENABLE_DEBUG_INFO = INCLUDE_SOURCE;
				MTL_FAST_MATH = YES;
				ONLY_ACTIVE_ARCH = YES;
				SDKROOT = iphoneos;
				SWIFT_ACTIVE_COMPILATION_CONDITIONS = DEBUG;
				SWIFT_OPTIMIZATION_LEVEL = "-Onone";
			};
			name = Debug;
		};
		563344D023D57BD3001F1E45 /* Release */ = {
			isa = XCBuildConfiguration;
			buildSettings = {
				ALWAYS_SEARCH_USER_PATHS = NO;
				CLANG_ANALYZER_NONNULL = YES;
				CLANG_ANALYZER_NUMBER_OBJECT_CONVERSION = YES_AGGRESSIVE;
				CLANG_CXX_LANGUAGE_STANDARD = "gnu++14";
				CLANG_CXX_LIBRARY = "libc++";
				CLANG_ENABLE_MODULES = YES;
				CLANG_ENABLE_OBJC_ARC = YES;
				CLANG_ENABLE_OBJC_WEAK = YES;
				CLANG_WARN_BLOCK_CAPTURE_AUTORELEASING = YES;
				CLANG_WARN_BOOL_CONVERSION = YES;
				CLANG_WARN_COMMA = YES;
				CLANG_WARN_CONSTANT_CONVERSION = YES;
				CLANG_WARN_DEPRECATED_OBJC_IMPLEMENTATIONS = YES;
				CLANG_WARN_DIRECT_OBJC_ISA_USAGE = YES_ERROR;
				CLANG_WARN_DOCUMENTATION_COMMENTS = YES;
				CLANG_WARN_EMPTY_BODY = YES;
				CLANG_WARN_ENUM_CONVERSION = YES;
				CLANG_WARN_INFINITE_RECURSION = YES;
				CLANG_WARN_INT_CONVERSION = YES;
				CLANG_WARN_NON_LITERAL_NULL_CONVERSION = YES;
				CLANG_WARN_OBJC_IMPLICIT_RETAIN_SELF = YES;
				CLANG_WARN_OBJC_LITERAL_CONVERSION = YES;
				CLANG_WARN_OBJC_ROOT_CLASS = YES_ERROR;
				CLANG_WARN_RANGE_LOOP_ANALYSIS = YES;
				CLANG_WARN_STRICT_PROTOTYPES = YES;
				CLANG_WARN_SUSPICIOUS_MOVE = YES;
				CLANG_WARN_UNGUARDED_AVAILABILITY = YES_AGGRESSIVE;
				CLANG_WARN_UNREACHABLE_CODE = YES;
				CLANG_WARN__DUPLICATE_METHOD_MATCH = YES;
				COPY_PHASE_STRIP = NO;
				DEBUG_INFORMATION_FORMAT = "dwarf-with-dsym";
				ENABLE_NS_ASSERTIONS = NO;
				ENABLE_STRICT_OBJC_MSGSEND = YES;
				GCC_C_LANGUAGE_STANDARD = gnu11;
				GCC_NO_COMMON_BLOCKS = YES;
				GCC_WARN_64_TO_32_BIT_CONVERSION = YES;
				GCC_WARN_ABOUT_RETURN_TYPE = YES_ERROR;
				GCC_WARN_UNDECLARED_SELECTOR = YES;
				GCC_WARN_UNINITIALIZED_AUTOS = YES_AGGRESSIVE;
				GCC_WARN_UNUSED_FUNCTION = YES;
				GCC_WARN_UNUSED_VARIABLE = YES;
				IPHONEOS_DEPLOYMENT_TARGET = 13.2;
				MTL_ENABLE_DEBUG_INFO = NO;
				MTL_FAST_MATH = YES;
				SDKROOT = iphoneos;
				SWIFT_COMPILATION_MODE = wholemodule;
				SWIFT_OPTIMIZATION_LEVEL = "-O";
				VALIDATE_PRODUCT = YES;
			};
			name = Release;
		};
		563344D223D57BD3001F1E45 /* Debug */ = {
			isa = XCBuildConfiguration;
			baseConfigurationReference = DA4D8FAE9F1BBABEBB23AD81 /* Pods-GoogleSSO.debug.xcconfig */;
			buildSettings = {
				ASSETCATALOG_COMPILER_APPICON_NAME = AppIcon;
				CODE_SIGN_STYLE = Automatic;
				DEVELOPMENT_TEAM = 8SQQ2QJ45B;
				INFOPLIST_FILE = GoogleSSO/Info.plist;
				LD_RUNPATH_SEARCH_PATHS = (
					"$(inherited)",
					"@executable_path/Frameworks",
				);
				PRODUCT_BUNDLE_IDENTIFIER = sg.charles.GoogleSSO;
				PRODUCT_NAME = "$(TARGET_NAME)";
				SWIFT_VERSION = 5.0;
				TARGETED_DEVICE_FAMILY = "1,2";
			};
			name = Debug;
		};
		563344D323D57BD3001F1E45 /* Release */ = {
			isa = XCBuildConfiguration;
			baseConfigurationReference = 575E425556AC44EAC914BF48 /* Pods-GoogleSSO.release.xcconfig */;
			buildSettings = {
				ASSETCATALOG_COMPILER_APPICON_NAME = AppIcon;
				CODE_SIGN_STYLE = Automatic;
				DEVELOPMENT_TEAM = 8SQQ2QJ45B;
				INFOPLIST_FILE = GoogleSSO/Info.plist;
				LD_RUNPATH_SEARCH_PATHS = (
					"$(inherited)",
					"@executable_path/Frameworks",
				);
				PRODUCT_BUNDLE_IDENTIFIER = sg.charles.GoogleSSO;
				PRODUCT_NAME = "$(TARGET_NAME)";
				SWIFT_VERSION = 5.0;
				TARGETED_DEVICE_FAMILY = "1,2";
			};
			name = Release;
		};
/* End XCBuildConfiguration section */

/* Begin XCConfigurationList section */
		563344B523D57BD1001F1E45 /* Build configuration list for PBXProject "GoogleSSO" */ = {
			isa = XCConfigurationList;
			buildConfigurations = (
				563344CF23D57BD3001F1E45 /* Debug */,
				563344D023D57BD3001F1E45 /* Release */,
			);
			defaultConfigurationIsVisible = 0;
			defaultConfigurationName = Release;
		};
		563344D123D57BD3001F1E45 /* Build configuration list for PBXNativeTarget "GoogleSSO" */ = {
			isa = XCConfigurationList;
			buildConfigurations = (
				563344D223D57BD3001F1E45 /* Debug */,
				563344D323D57BD3001F1E45 /* Release */,
			);
			defaultConfigurationIsVisible = 0;
			defaultConfigurationName = Release;
		};
/* End XCConfigurationList section */

/* Begin XCVersionGroup section */
		563344C623D57BD1001F1E45 /* GoogleSSO.xcdatamodeld */ = {
			isa = XCVersionGroup;
			children = (
				563344C723D57BD1001F1E45 /* GoogleSSO.xcdatamodel */,
			);
			currentVersion = 563344C723D57BD1001F1E45 /* GoogleSSO.xcdatamodel */;
			path = GoogleSSO.xcdatamodeld;
			sourceTree = "<group>";
			versionGroupType = wrapper.xcdatamodel;
		};
/* End XCVersionGroup section */
	};
	rootObject = 563344B223D57BD1001F1E45 /* Project object */;
}
